
Microsoft Visual Studio Solution File, Format Version 11.00
# Visual Studio 2010
Project("{8BC9CEB8-8B4A-11D0-8D11-00A0C91BC942}") = "SweepMine", "SweepMine\SweepMine.vcxproj", "{D382D3F3-9262-4DB9-B9FF-714F7F2C6095}"
EndProject
Global
	GlobalSection(SolutionConfigurationPlatforms) = preSolution
		Debug|Win32 = Debug|Win32
		Release|Win32 = Release|Win32
	EndGlobalSection
	GlobalSection(ProjectConfigurationPlatforms) = postSolution
		{D382D3F3-9262-4DB9-B9FF-714F7F2C6095}.Debug|Win32.ActiveCfg = Debug|Win32
		{D382D3F3-9262-4DB9-B9FF-714F7F2C6095}.Debug|Win32.Build.0 = Debug|Win32
		{D382D3F3-9262-4DB9-B9FF-714F7F2C6095}.Release|Win32.ActiveCfg = Release|Win32
		{D382D3F3-9262-4DB9-B9FF-714F7F2C6095}.Release|Win32.Build.0 = Release|Win32
	EndGlobalSection
	GlobalSection(SolutionProperties) = preSolution
		HideSolutionNode = FALSE
	EndGlobalSection
EndGlobal
